
Microsoft Visual Studio Solution File, Format Version 12.00
# Visual Studio Version 17
VisualStudioVersion = 17.0.31903.59
MinimumVisualStudioVersion = 10.0.40219.1
Project("{FAE04EC0-301F-11D3-BF4B-00C04F79EFBC}") = "DragonPanel.Server", "DragonPanel.Server\DragonPanel.Server.csproj", "{C8388666-B979-4F66-8E0A-DD45A5DAD5CD}"
EndProject
Project("{FAE04EC0-301F-11D3-BF4B-00C04F79EFBC}") = "DragonPanel.Core", "DragonPanel.Core\DragonPanel.Core.csproj", "{B0B89F7C-99F0-4251-93EF-814880C9DA25}"
EndProject
Project("{FAE04EC0-301F-11D3-BF4B-00C04F79EFBC}") = "SGLibCS.Utils", "SGLibCS.Utils\SGLibCS.Utils.csproj", "{C660228A-7487-4ADB-A09A-29CBEAA0A975}"
EndProject
Global
	GlobalSection(SolutionConfigurationPlatforms) = preSolution
		Debug|Any CPU = Debug|Any CPU
		Release|Any CPU = Release|Any CPU
	EndGlobalSection
	GlobalSection(SolutionProperties) = preSolution
		HideSolutionNode = FALSE
	EndGlobalSection
	GlobalSection(ProjectConfigurationPlatforms) = postSolution
		{C8388666-B979-4F66-8E0A-DD45A5DAD5CD}.Debug|Any CPU.ActiveCfg = Debug|Any CPU
		{C8388666-B979-4F66-8E0A-DD45A5DAD5CD}.Debug|Any CPU.Build.0 = Debug|Any CPU
		{C8388666-B979-4F66-8E0A-DD45A5DAD5CD}.Release|Any CPU.ActiveCfg = Release|Any CPU
		{C8388666-B979-4F66-8E0A-DD45A5DAD5CD}.Release|Any CPU.Build.0 = Release|Any CPU
		{B0B89F7C-99F0-4251-93EF-814880C9DA25}.Debug|Any CPU.ActiveCfg = Debug|Any CPU
		{B0B89F7C-99F0-4251-93EF-814880C9DA25}.Debug|Any CPU.Build.0 = Debug|Any CPU
		{B0B89F7C-99F0-4251-93EF-814880C9DA25}.Release|Any CPU.ActiveCfg = Release|Any CPU
		{B0B89F7C-99F0-4251-93EF-814880C9DA25}.Release|Any CPU.Build.0 = Release|Any CPU
		{C660228A-7487-4ADB-A09A-29CBEAA0A975}.Debug|Any CPU.ActiveCfg = Debug|Any CPU
		{C660228A-7487-4ADB-A09A-29CBEAA0A975}.Debug|Any CPU.Build.0 = Debug|Any CPU
		{C660228A-7487-4ADB-A09A-29CBEAA0A975}.Release|Any CPU.ActiveCfg = Release|Any CPU
		{C660228A-7487-4ADB-A09A-29CBEAA0A975}.Release|Any CPU.Build.0 = Release|Any CPU
	EndGlobalSection
EndGlobal
